
Microsoft Visual Studio Solution File, Format Version 12.00
# Visual Studio Version 17
VisualStudioVersion = 17.9.34728.123
MinimumVisualStudioVersion = 10.0.40219.1
Project("{FAE04EC0-301F-11D3-BF4B-00C04F79EFBC}") = "ParkingManagement.Application", "src\ParkingManagement.Application\ParkingManagement.Application.csproj", "{FF490D0C-369A-4651-972A-167E8F7FDDE2}"
EndProject
Project("{FAE04EC0-301F-11D3-BF4B-00C04F79EFBC}") = "ParkingManagement.Constracts", "src\ParkingManagement.Constracts\ParkingManagement.Constracts.csproj", "{898A0562-B462-4552-9A94-DCC14EC36BBD}"
EndProject
Project("{FAE04EC0-301F-11D3-BF4B-00C04F79EFBC}") = "ParkingManagement.Domain", "ParkingManagement.Domain\ParkingManagement.Domain.csproj", "{78BBB2E5-8F79-47F8-AB92-232EB48E7300}"
EndProject
Project("{FAE04EC0-301F-11D3-BF4B-00C04F79EFBC}") = "ParkingManagement.Infrastucture", "ParkingManagement.Infrastucture\ParkingManagement.Infrastucture.csproj", "{566971AA-39D3-4A05-9D4C-F9E4B5C5C277}"
EndProject
Project("{FAE04EC0-301F-11D3-BF4B-00C04F79EFBC}") = "ParkingManagement.Webserver", "ParkingManagement.Webserver\ParkingManagement.Webserver.csproj", "{DDA2D3DB-3114-4D29-975F-EEC9A63EA898}"
EndProject
Global
	GlobalSection(SolutionConfigurationPlatforms) = preSolution
		Debug|Any CPU = Debug|Any CPU
		Release|Any CPU = Release|Any CPU
	EndGlobalSection
	GlobalSection(ProjectConfigurationPlatforms) = postSolution
		{FF490D0C-369A-4651-972A-167E8F7FDDE2}.Debug|Any CPU.ActiveCfg = Debug|Any CPU
		{FF490D0C-369A-4651-972A-167E8F7FDDE2}.Debug|Any CPU.Build.0 = Debug|Any CPU
		{FF490D0C-369A-4651-972A-167E8F7FDDE2}.Release|Any CPU.ActiveCfg = Release|Any CPU
		{FF490D0C-369A-4651-972A-167E8F7FDDE2}.Release|Any CPU.Build.0 = Release|Any CPU
		{898A0562-B462-4552-9A94-DCC14EC36BBD}.Debug|Any CPU.ActiveCfg = Debug|Any CPU
		{898A0562-B462-4552-9A94-DCC14EC36BBD}.Debug|Any CPU.Build.0 = Debug|Any CPU
		{898A0562-B462-4552-9A94-DCC14EC36BBD}.Release|Any CPU.ActiveCfg = Release|Any CPU
		{898A0562-B462-4552-9A94-DCC14EC36BBD}.Release|Any CPU.Build.0 = Release|Any CPU
		{78BBB2E5-8F79-47F8-AB92-232EB48E7300}.Debug|Any CPU.ActiveCfg = Debug|Any CPU
		{78BBB2E5-8F79-47F8-AB92-232EB48E7300}.Debug|Any CPU.Build.0 = Debug|Any CPU
		{78BBB2E5-8F79-47F8-AB92-232EB48E7300}.Release|Any CPU.ActiveCfg = Release|Any CPU
		{78BBB2E5-8F79-47F8-AB92-232EB48E7300}.Release|Any CPU.Build.0 = Release|Any CPU
		{566971AA-39D3-4A05-9D4C-F9E4B5C5C277}.Debug|Any CPU.ActiveCfg = Debug|Any CPU
		{566971AA-39D3-4A05-9D4C-F9E4B5C5C277}.Debug|Any CPU.Build.0 = Debug|Any CPU
		{566971AA-39D3-4A05-9D4C-F9E4B5C5C277}.Release|Any CPU.ActiveCfg = Release|Any CPU
		{566971AA-39D3-4A05-9D4C-F9E4B5C5C277}.Release|Any CPU.Build.0 = Release|Any CPU
		{DDA2D3DB-3114-4D29-975F-EEC9A63EA898}.Debug|Any CPU.ActiveCfg = Debug|Any CPU
		{DDA2D3DB-3114-4D29-975F-EEC9A63EA898}.Debug|Any CPU.Build.0 = Debug|Any CPU
		{DDA2D3DB-3114-4D29-975F-EEC9A63EA898}.Release|Any CPU.ActiveCfg = Release|Any CPU
		{DDA2D3DB-3114-4D29-975F-EEC9A63EA898}.Release|Any CPU.Build.0 = Release|Any CPU
	EndGlobalSection
	GlobalSection(SolutionProperties) = preSolution
		HideSolutionNode = FALSE
	EndGlobalSection
	GlobalSection(ExtensibilityGlobals) = postSolution
		SolutionGuid = {CC5E7758-77F5-405A-B365-C87D622C94A4}
	EndGlobalSection
EndGlobal
